# This file is automatically @generated by Cargo.
# It is not intended for manual editing.
version = 4

[[package]]
name = "rust"
version = "0.1.0"

[[package]]
name = "rust202104"
version = "0.1.0"

[[package]]
name = "rust202105"
version = "0.1.0"

[[package]]
name = "rust202109"
version = "0.1.0"

[[package]]
name = "rust202110"
version = "0.1.0"

[[package]]
name = "rust202111"
version = "0.1.0"

[[package]]
name = "rust_202106"
version = "0.1.0"

[[package]]
name = "rust_202107"
version = "0.1.0"

[[package]]
name = "rust_202108"
version = "0.1.0"
