# This file is automatically @generated by Cargo.
# It is not intended for manual editing.
version = 4

[[package]]
name = "rust"
version = "0.1.0"

[[package]]
name = "rust202104"
version = "0.1.0"

[[package]]
name = "rust202105"
version = "0.1.0"

[[package]]
name = "rust202109"
version = "0.1.0"

[[package]]
name = "rust202110"
version = "0.1.0"

[[package]]
name = "rust202111"
version = "0.1.0"

[[package]]
name = "rust202112"
version = "0.1.0"

[[package]]
name = "rust202113"
version = "0.1.0"

[[package]]
name = "rust_202006"
version = "0.1.0"

[[package]]
name = "rust_202106"
version = "0.1.0"

[[package]]
name = "rust_202107"
version = "0.1.0"

[[package]]
name = "rust_202108"
version = "0.1.0"

[[package]]
name = "rust_202207"
version = "0.1.0"

[[package]]
name = "rust_202208"
version = "0.1.0"

[[package]]
name = "rust_202210"
version = "0.1.0"

[[package]]
name = "rust_202211"
version = "0.1.0"

[[package]]
name = "rust_202309"
version = "0.1.0"

[[package]]
name = "rust_202501"
version = "0.1.0"

[[package]]
name = "rust_202502"
version = "0.1.0"

[[package]]
name = "rust_202503"
version = "0.1.0"

[[package]]
name = "rust_202504"
version = "0.1.0"

[[package]]
name = "rust_202505"
version = "0.1.0"

[[package]]
name = "rust_202506"
version = "0.1.0"

[[package]]
name = "rust_202507"
version = "0.1.0"
